
Microsoft Visual Studio Solution File, Format Version 12.00
# Visual Studio Version 17
VisualStudioVersion = 17.0.31903.59
MinimumVisualStudioVersion = 10.0.40219.1
Project("{2150E333-8FDC-42A3-9474-1A3956D46DE8}") = "Shared", "Shared", "{4F52FD11-658E-A102-6CD3-7D7C16FFA15B}"
EndProject
Project("{2150E333-8FDC-42A3-9474-1A3956D46DE8}") = "src", "src", "{8535BA8F-DF9C-A316-7699-3D0137456E7C}"
EndProject
Project("{FAE04EC0-301F-11D3-BF4B-00C04F79EFBC}") = "Gov2Biz.Shared", "Shared\src\Gov2Biz.Shared.csproj", "{D13ABA87-6A2D-4256-B71F-0FB08C69F109}"
EndProject
Project("{2150E333-8FDC-42A3-9474-1A3956D46DE8}") = "LicenseService", "LicenseService", "{8E793AD1-2BAE-26F1-8CD5-B5C67ADB3803}"
EndProject
Project("{2150E333-8FDC-42A3-9474-1A3956D46DE8}") = "src", "src", "{D4BDB8DF-A18A-9922-37B6-7CA7BD4761CE}"
EndProject
Project("{FAE04EC0-301F-11D3-BF4B-00C04F79EFBC}") = "Gov2Biz.LicenseService", "LicenseService\src\Gov2Biz.LicenseService.csproj", "{988EE5C4-B6E4-4740-A570-72D421D9E165}"
EndProject
Project("{2150E333-8FDC-42A3-9474-1A3956D46DE8}") = "tests", "tests", "{6CC13EF3-8B0C-EB89-E749-08EC6DB11340}"
EndProject
Project("{FAE04EC0-301F-11D3-BF4B-00C04F79EFBC}") = "Gov2Biz.LicenseService.Tests", "LicenseService\tests\Gov2Biz.LicenseService.Tests.csproj", "{8A8DF90F-9805-4AB6-A97E-C9487819CC6F}"
EndProject
Project("{2150E333-8FDC-42A3-9474-1A3956D46DE8}") = "PaymentService", "PaymentService", "{BB3827F1-F3A2-E5D7-C0A8-E90CBCD5CE04}"
EndProject
Project("{2150E333-8FDC-42A3-9474-1A3956D46DE8}") = "src", "src", "{87F3E034-F907-4FFC-4784-CB8ED6B3D806}"
EndProject
Project("{FAE04EC0-301F-11D3-BF4B-00C04F79EFBC}") = "Gov2Biz.PaymentService", "PaymentService\src\Gov2Biz.PaymentService.csproj", "{20D09062-6E3C-4D26-B30F-37FBFD05FCF9}"
EndProject
Project("{2150E333-8FDC-42A3-9474-1A3956D46DE8}") = "tests", "tests", "{12E02EB5-535D-B5C6-B848-9D4570C503F9}"
EndProject
Project("{FAE04EC0-301F-11D3-BF4B-00C04F79EFBC}") = "Gov2Biz.PaymentService.Tests", "PaymentService\tests\Gov2Biz.PaymentService.Tests.csproj", "{4C09AE31-2FFC-405B-97D9-68C74858BF81}"
EndProject
Project("{2150E333-8FDC-42A3-9474-1A3956D46DE8}") = "DocumentService", "DocumentService", "{80C3C93A-8281-153C-16F4-A4F444EECCE0}"
EndProject
Project("{2150E333-8FDC-42A3-9474-1A3956D46DE8}") = "src", "src", "{9D3CCFD9-ADDF-D5BE-7E3E-7B7D7BD2B209}"
EndProject
Project("{FAE04EC0-301F-11D3-BF4B-00C04F79EFBC}") = "Gov2Biz.DocumentService", "DocumentService\src\Gov2Biz.DocumentService.csproj", "{9AC9BDCD-D97F-4E82-85B0-7477A2052FFE}"
EndProject
Project("{2150E333-8FDC-42A3-9474-1A3956D46DE8}") = "NotificationService", "NotificationService", "{0BAE62A9-2200-0262-2CB5-8EE825167370}"
EndProject
Project("{2150E333-8FDC-42A3-9474-1A3956D46DE8}") = "src", "src", "{30993AEE-98A1-529F-B564-95C3EB406259}"
EndProject
Project("{FAE04EC0-301F-11D3-BF4B-00C04F79EFBC}") = "Gov2Biz.NotificationService", "NotificationService\src\Gov2Biz.NotificationService.csproj", "{26CB9C36-2D1C-4226-AB14-33B25BB594FD}"
EndProject
Project("{2150E333-8FDC-42A3-9474-1A3956D46DE8}") = "MVCFrontend", "MVCFrontend", "{557BB6FE-A986-41EB-DF30-2F5AC675FBBD}"
EndProject
Project("{2150E333-8FDC-42A3-9474-1A3956D46DE8}") = "src", "src", "{49804F96-62D5-3B9E-1DD9-09289DEA0F5A}"
EndProject
Project("{FAE04EC0-301F-11D3-BF4B-00C04F79EFBC}") = "Gov2Biz.MVCFrontend", "MVCFrontend\src\Gov2Biz.MVCFrontend.csproj", "{86FA0691-DAE2-46E1-9605-553D5A82BF60}"
EndProject
Project("{2150E333-8FDC-42A3-9474-1A3956D46DE8}") = "ApiGateway", "ApiGateway", "{25D181DD-5CC9-F0B3-C64F-91E1AA77FD70}"
EndProject
Project("{FAE04EC0-301F-11D3-BF4B-00C04F79EFBC}") = "Gov2Biz.ApiGateway", "ApiGateway\Gov2Biz.ApiGateway.csproj", "{6901377B-921E-402C-A67D-DA432D4A59B0}"
EndProject
Global
	GlobalSection(SolutionConfigurationPlatforms) = preSolution
		Debug|Any CPU = Debug|Any CPU
		Debug|x64 = Debug|x64
		Debug|x86 = Debug|x86
		Release|Any CPU = Release|Any CPU
		Release|x64 = Release|x64
		Release|x86 = Release|x86
	EndGlobalSection
	GlobalSection(ProjectConfigurationPlatforms) = postSolution
		{D13ABA87-6A2D-4256-B71F-0FB08C69F109}.Debug|Any CPU.ActiveCfg = Debug|Any CPU
		{D13ABA87-6A2D-4256-B71F-0FB08C69F109}.Debug|Any CPU.Build.0 = Debug|Any CPU
		{D13ABA87-6A2D-4256-B71F-0FB08C69F109}.Debug|x64.ActiveCfg = Debug|Any CPU
		{D13ABA87-6A2D-4256-B71F-0FB08C69F109}.Debug|x64.Build.0 = Debug|Any CPU
		{D13ABA87-6A2D-4256-B71F-0FB08C69F109}.Debug|x86.ActiveCfg = Debug|Any CPU
		{D13ABA87-6A2D-4256-B71F-0FB08C69F109}.Debug|x86.Build.0 = Debug|Any CPU
		{D13ABA87-6A2D-4256-B71F-0FB08C69F109}.Release|Any CPU.ActiveCfg = Release|Any CPU
		{D13ABA87-6A2D-4256-B71F-0FB08C69F109}.Release|Any CPU.Build.0 = Release|Any CPU
		{D13ABA87-6A2D-4256-B71F-0FB08C69F109}.Release|x64.ActiveCfg = Release|Any CPU
		{D13ABA87-6A2D-4256-B71F-0FB08C69F109}.Release|x64.Build.0 = Release|Any CPU
		{D13ABA87-6A2D-4256-B71F-0FB08C69F109}.Release|x86.ActiveCfg = Release|Any CPU
		{D13ABA87-6A2D-4256-B71F-0FB08C69F109}.Release|x86.Build.0 = Release|Any CPU
		{988EE5C4-B6E4-4740-A570-72D421D9E165}.Debug|Any CPU.ActiveCfg = Debug|Any CPU
		{988EE5C4-B6E4-4740-A570-72D421D9E165}.Debug|Any CPU.Build.0 = Debug|Any CPU
		{988EE5C4-B6E4-4740-A570-72D421D9E165}.Debug|x64.ActiveCfg = Debug|Any CPU
		{988EE5C4-B6E4-4740-A570-72D421D9E165}.Debug|x64.Build.0 = Debug|Any CPU
		{988EE5C4-B6E4-4740-A570-72D421D9E165}.Debug|x86.ActiveCfg = Debug|Any CPU
		{988EE5C4-B6E4-4740-A570-72D421D9E165}.Debug|x86.Build.0 = Debug|Any CPU
		{988EE5C4-B6E4-4740-A570-72D421D9E165}.Release|Any CPU.ActiveCfg = Release|Any CPU
		{988EE5C4-B6E4-4740-A570-72D421D9E165}.Release|Any CPU.Build.0 = Release|Any CPU
		{988EE5C4-B6E4-4740-A570-72D421D9E165}.Release|x64.ActiveCfg = Release|Any CPU
		{988EE5C4-B6E4-4740-A570-72D421D9E165}.Release|x64.Build.0 = Release|Any CPU
		{988EE5C4-B6E4-4740-A570-72D421D9E165}.Release|x86.ActiveCfg = Release|Any CPU
		{988EE5C4-B6E4-4740-A570-72D421D9E165}.Release|x86.Build.0 = Release|Any CPU
		{8A8DF90F-9805-4AB6-A97E-C9487819CC6F}.Debug|Any CPU.ActiveCfg = Debug|Any CPU
		{8A8DF90F-9805-4AB6-A97E-C9487819CC6F}.Debug|Any CPU.Build.0 = Debug|Any CPU
		{8A8DF90F-9805-4AB6-A97E-C9487819CC6F}.Debug|x64.ActiveCfg = Debug|Any CPU
		{8A8DF90F-9805-4AB6-A97E-C9487819CC6F}.Debug|x64.Build.0 = Debug|Any CPU
		{8A8DF90F-9805-4AB6-A97E-C9487819CC6F}.Debug|x86.ActiveCfg = Debug|Any CPU
		{8A8DF90F-9805-4AB6-A97E-C9487819CC6F}.Debug|x86.Build.0 = Debug|Any CPU
		{8A8DF90F-9805-4AB6-A97E-C9487819CC6F}.Release|Any CPU.ActiveCfg = Release|Any CPU
		{8A8DF90F-9805-4AB6-A97E-C9487819CC6F}.Release|Any CPU.Build.0 = Release|Any CPU
		{8A8DF90F-9805-4AB6-A97E-C9487819CC6F}.Release|x64.ActiveCfg = Release|Any CPU
		{8A8DF90F-9805-4AB6-A97E-C9487819CC6F}.Release|x64.Build.0 = Release|Any CPU
		{8A8DF90F-9805-4AB6-A97E-C9487819CC6F}.Release|x86.ActiveCfg = Release|Any CPU
		{8A8DF90F-9805-4AB6-A97E-C9487819CC6F}.Release|x86.Build.0 = Release|Any CPU
		{20D09062-6E3C-4D26-B30F-37FBFD05FCF9}.Debug|Any CPU.ActiveCfg = Debug|Any CPU
		{20D09062-6E3C-4D26-B30F-37FBFD05FCF9}.Debug|Any CPU.Build.0 = Debug|Any CPU
		{20D09062-6E3C-4D26-B30F-37FBFD05FCF9}.Debug|x64.ActiveCfg = Debug|Any CPU
		{20D09062-6E3C-4D26-B30F-37FBFD05FCF9}.Debug|x64.Build.0 = Debug|Any CPU
		{20D09062-6E3C-4D26-B30F-37FBFD05FCF9}.Debug|x86.ActiveCfg = Debug|Any CPU
		{20D09062-6E3C-4D26-B30F-37FBFD05FCF9}.Debug|x86.Build.0 = Debug|Any CPU
		{20D09062-6E3C-4D26-B30F-37FBFD05FCF9}.Release|Any CPU.ActiveCfg = Release|Any CPU
		{20D09062-6E3C-4D26-B30F-37FBFD05FCF9}.Release|Any CPU.Build.0 = Release|Any CPU
		{20D09062-6E3C-4D26-B30F-37FBFD05FCF9}.Release|x64.ActiveCfg = Release|Any CPU
		{20D09062-6E3C-4D26-B30F-37FBFD05FCF9}.Release|x64.Build.0 = Release|Any CPU
		{20D09062-6E3C-4D26-B30F-37FBFD05FCF9}.Release|x86.ActiveCfg = Release|Any CPU
		{20D09062-6E3C-4D26-B30F-37FBFD05FCF9}.Release|x86.Build.0 = Release|Any CPU
		{4C09AE31-2FFC-405B-97D9-68C74858BF81}.Debug|Any CPU.ActiveCfg = Debug|Any CPU
		{4C09AE31-2FFC-405B-97D9-68C74858BF81}.Debug|Any CPU.Build.0 = Debug|Any CPU
		{4C09AE31-2FFC-405B-97D9-68C74858BF81}.Debug|x64.ActiveCfg = Debug|Any CPU
		{4C09AE31-2FFC-405B-97D9-68C74858BF81}.Debug|x64.Build.0 = Debug|Any CPU
		{4C09AE31-2FFC-405B-97D9-68C74858BF81}.Debug|x86.ActiveCfg = Debug|Any CPU
		{4C09AE31-2FFC-405B-97D9-68C74858BF81}.Debug|x86.Build.0 = Debug|Any CPU
		{4C09AE31-2FFC-405B-97D9-68C74858BF81}.Release|Any CPU.ActiveCfg = Release|Any CPU
		{4C09AE31-2FFC-405B-97D9-68C74858BF81}.Release|Any CPU.Build.0 = Release|Any CPU
		{4C09AE31-2FFC-405B-97D9-68C74858BF81}.Release|x64.ActiveCfg = Release|Any CPU
		{4C09AE31-2FFC-405B-97D9-68C74858BF81}.Release|x64.Build.0 = Release|Any CPU
		{4C09AE31-2FFC-405B-97D9-68C74858BF81}.Release|x86.ActiveCfg = Release|Any CPU
		{4C09AE31-2FFC-405B-97D9-68C74858BF81}.Release|x86.Build.0 = Release|Any CPU
		{9AC9BDCD-D97F-4E82-85B0-7477A2052FFE}.Debug|Any CPU.ActiveCfg = Debug|Any CPU
		{9AC9BDCD-D97F-4E82-85B0-7477A2052FFE}.Debug|Any CPU.Build.0 = Debug|Any CPU
		{9AC9BDCD-D97F-4E82-85B0-7477A2052FFE}.Debug|x64.ActiveCfg = Debug|Any CPU
		{9AC9BDCD-D97F-4E82-85B0-7477A2052FFE}.Debug|x64.Build.0 = Debug|Any CPU
		{9AC9BDCD-D97F-4E82-85B0-7477A2052FFE}.Debug|x86.ActiveCfg = Debug|Any CPU
		{9AC9BDCD-D97F-4E82-85B0-7477A2052FFE}.Debug|x86.Build.0 = Debug|Any CPU
		{9AC9BDCD-D97F-4E82-85B0-7477A2052FFE}.Release|Any CPU.ActiveCfg = Release|Any CPU
		{9AC9BDCD-D97F-4E82-85B0-7477A2052FFE}.Release|Any CPU.Build.0 = Release|Any CPU
		{9AC9BDCD-D97F-4E82-85B0-7477A2052FFE}.Release|x64.ActiveCfg = Release|Any CPU
		{9AC9BDCD-D97F-4E82-85B0-7477A2052FFE}.Release|x64.Build.0 = Release|Any CPU
		{9AC9BDCD-D97F-4E82-85B0-7477A2052FFE}.Release|x86.ActiveCfg = Release|Any CPU
		{9AC9BDCD-D97F-4E82-85B0-7477A2052FFE}.Release|x86.Build.0 = Release|Any CPU
		{26CB9C36-2D1C-4226-AB14-33B25BB594FD}.Debug|Any CPU.ActiveCfg = Debug|Any CPU
		{26CB9C36-2D1C-4226-AB14-33B25BB594FD}.Debug|Any CPU.Build.0 = Debug|Any CPU
		{26CB9C36-2D1C-4226-AB14-33B25BB594FD}.Debug|x64.ActiveCfg = Debug|Any CPU
		{26CB9C36-2D1C-4226-AB14-33B25BB594FD}.Debug|x64.Build.0 = Debug|Any CPU
		{26CB9C36-2D1C-4226-AB14-33B25BB594FD}.Debug|x86.ActiveCfg = Debug|Any CPU
		{26CB9C36-2D1C-4226-AB14-33B25BB594FD}.Debug|x86.Build.0 = Debug|Any CPU
		{26CB9C36-2D1C-4226-AB14-33B25BB594FD}.Release|Any CPU.ActiveCfg = Release|Any CPU
		{26CB9C36-2D1C-4226-AB14-33B25BB594FD}.Release|Any CPU.Build.0 = Release|Any CPU
		{26CB9C36-2D1C-4226-AB14-33B25BB594FD}.Release|x64.ActiveCfg = Release|Any CPU
		{26CB9C36-2D1C-4226-AB14-33B25BB594FD}.Release|x64.Build.0 = Release|Any CPU
		{26CB9C36-2D1C-4226-AB14-33B25BB594FD}.Release|x86.ActiveCfg = Release|Any CPU
		{26CB9C36-2D1C-4226-AB14-33B25BB594FD}.Release|x86.Build.0 = Release|Any CPU
		{86FA0691-DAE2-46E1-9605-553D5A82BF60}.Debug|Any CPU.ActiveCfg = Debug|Any CPU
		{86FA0691-DAE2-46E1-9605-553D5A82BF60}.Debug|Any CPU.Build.0 = Debug|Any CPU
		{86FA0691-DAE2-46E1-9605-553D5A82BF60}.Debug|x64.ActiveCfg = Debug|Any CPU
		{86FA0691-DAE2-46E1-9605-553D5A82BF60}.Debug|x64.Build.0 = Debug|Any CPU
		{86FA0691-DAE2-46E1-9605-553D5A82BF60}.Debug|x86.ActiveCfg = Debug|Any CPU
		{86FA0691-DAE2-46E1-9605-553D5A82BF60}.Debug|x86.Build.0 = Debug|Any CPU
		{86FA0691-DAE2-46E1-9605-553D5A82BF60}.Release|Any CPU.ActiveCfg = Release|Any CPU
		{86FA0691-DAE2-46E1-9605-553D5A82BF60}.Release|Any CPU.Build.0 = Release|Any CPU
		{86FA0691-DAE2-46E1-9605-553D5A82BF60}.Release|x64.ActiveCfg = Release|Any CPU
		{86FA0691-DAE2-46E1-9605-553D5A82BF60}.Release|x64.Build.0 = Release|Any CPU
		{86FA0691-DAE2-46E1-9605-553D5A82BF60}.Release|x86.ActiveCfg = Release|Any CPU
		{86FA0691-DAE2-46E1-9605-553D5A82BF60}.Release|x86.Build.0 = Release|Any CPU
		{6901377B-921E-402C-A67D-DA432D4A59B0}.Debug|Any CPU.ActiveCfg = Debug|Any CPU
		{6901377B-921E-402C-A67D-DA432D4A59B0}.Debug|Any CPU.Build.0 = Debug|Any CPU
		{6901377B-921E-402C-A67D-DA432D4A59B0}.Debug|x64.ActiveCfg = Debug|Any CPU
		{6901377B-921E-402C-A67D-DA432D4A59B0}.Debug|x64.Build.0 = Debug|Any CPU
		{6901377B-921E-402C-A67D-DA432D4A59B0}.Debug|x86.ActiveCfg = Debug|Any CPU
		{6901377B-921E-402C-A67D-DA432D4A59B0}.Debug|x86.Build.0 = Debug|Any CPU
		{6901377B-921E-402C-A67D-DA432D4A59B0}.Release|Any CPU.ActiveCfg = Release|Any CPU
		{6901377B-921E-402C-A67D-DA432D4A59B0}.Release|Any CPU.Build.0 = Release|Any CPU
		{6901377B-921E-402C-A67D-DA432D4A59B0}.Release|x64.ActiveCfg = Release|Any CPU
		{6901377B-921E-402C-A67D-DA432D4A59B0}.Release|x64.Build.0 = Release|Any CPU
		{6901377B-921E-402C-A67D-DA432D4A59B0}.Release|x86.ActiveCfg = Release|Any CPU
		{6901377B-921E-402C-A67D-DA432D4A59B0}.Release|x86.Build.0 = Release|Any CPU
	EndGlobalSection
	GlobalSection(SolutionProperties) = preSolution
		HideSolutionNode = FALSE
	EndGlobalSection
	GlobalSection(NestedProjects) = preSolution
		{8535BA8F-DF9C-A316-7699-3D0137456E7C} = {4F52FD11-658E-A102-6CD3-7D7C16FFA15B}
		{D13ABA87-6A2D-4256-B71F-0FB08C69F109} = {8535BA8F-DF9C-A316-7699-3D0137456E7C}
		{D4BDB8DF-A18A-9922-37B6-7CA7BD4761CE} = {8E793AD1-2BAE-26F1-8CD5-B5C67ADB3803}
		{988EE5C4-B6E4-4740-A570-72D421D9E165} = {D4BDB8DF-A18A-9922-37B6-7CA7BD4761CE}
		{6CC13EF3-8B0C-EB89-E749-08EC6DB11340} = {8E793AD1-2BAE-26F1-8CD5-B5C67ADB3803}
		{8A8DF90F-9805-4AB6-A97E-C9487819CC6F} = {6CC13EF3-8B0C-EB89-E749-08EC6DB11340}
		{87F3E034-F907-4FFC-4784-CB8ED6B3D806} = {BB3827F1-F3A2-E5D7-C0A8-E90CBCD5CE04}
		{20D09062-6E3C-4D26-B30F-37FBFD05FCF9} = {87F3E034-F907-4FFC-4784-CB8ED6B3D806}
		{12E02EB5-535D-B5C6-B848-9D4570C503F9} = {BB3827F1-F3A2-E5D7-C0A8-E90CBCD5CE04}
		{4C09AE31-2FFC-405B-97D9-68C74858BF81} = {12E02EB5-535D-B5C6-B848-9D4570C503F9}
		{9D3CCFD9-ADDF-D5BE-7E3E-7B7D7BD2B209} = {80C3C93A-8281-153C-16F4-A4F444EECCE0}
		{9AC9BDCD-D97F-4E82-85B0-7477A2052FFE} = {9D3CCFD9-ADDF-D5BE-7E3E-7B7D7BD2B209}
		{30993AEE-98A1-529F-B564-95C3EB406259} = {0BAE62A9-2200-0262-2CB5-8EE825167370}
		{26CB9C36-2D1C-4226-AB14-33B25BB594FD} = {30993AEE-98A1-529F-B564-95C3EB406259}
		{49804F96-62D5-3B9E-1DD9-09289DEA0F5A} = {557BB6FE-A986-41EB-DF30-2F5AC675FBBD}
		{86FA0691-DAE2-46E1-9605-553D5A82BF60} = {49804F96-62D5-3B9E-1DD9-09289DEA0F5A}
		{6901377B-921E-402C-A67D-DA432D4A59B0} = {25D181DD-5CC9-F0B3-C64F-91E1AA77FD70}
	EndGlobalSection
EndGlobal
